{
  "name": "smocha",
  "version": "0.0.1",
  "lockfileVersion": 1,
  "requires": true,
  "dependencies": {
    "@lukebayes/each-file": {
      "version": "1.0.0",
      "resolved": "https://registry.npmjs.org/@lukebayes/each-file/-/each-file-1.0.0.tgz",
      "integrity": "sha1-w1DJbVM+F+COGwzMktXqPh/2z5Y=",
      "dev": true
    },
    "diff": {
      "version": "3.5.0",
      "resolved": "https://registry.npmjs.org/diff/-/diff-3.5.0.tgz",
      "integrity": "sha512-A46qtFgd+g7pDZinpnwiRJtxbC1hpgf0uzP3iG89scHk0AUC7A1TGxf5OiiOUv/JMZR8GOt8hL900hV0bOy5xA=="
    }
  }
}
